
Microsoft Visual Studio Solution File, Format Version 12.00
# Visual Studio 15
VisualStudioVersion = 15.0.27428.2005
MinimumVisualStudioVersion = 10.0.40219.1
Project("{FAE04EC0-301F-11D3-BF4B-00C04F79EFBC}") = "Tilted", "Tilted\Tilted.csproj", "{CFCE10B4-7A7D-418D-9C8B-CC8A088401ED}"
EndProject
Global
	GlobalSection(SolutionConfigurationPlatforms) = preSolution
		Debug|Any CPU = Debug|Any CPU
		Release|Any CPU = Release|Any CPU
	EndGlobalSection
	GlobalSection(ProjectConfigurationPlatforms) = postSolution
		{CFCE10B4-7A7D-418D-9C8B-CC8A088401ED}.Debug|Any CPU.ActiveCfg = Debug|Any CPU
		{CFCE10B4-7A7D-418D-9C8B-CC8A088401ED}.Debug|Any CPU.Build.0 = Debug|Any CPU
		{CFCE10B4-7A7D-418D-9C8B-CC8A088401ED}.Release|Any CPU.ActiveCfg = Release|Any CPU
		{CFCE10B4-7A7D-418D-9C8B-CC8A088401ED}.Release|Any CPU.Build.0 = Release|Any CPU
	EndGlobalSection
	GlobalSection(SolutionProperties) = preSolution
		HideSolutionNode = FALSE
	EndGlobalSection
	GlobalSection(ExtensibilityGlobals) = postSolution
		SolutionGuid = {F473E25E-AF1B-4EF4-B5D5-B84579B0EF86}
	EndGlobalSection
EndGlobal
